
Microsoft Visual Studio Solution File, Format Version 12.00
Project("{2150E333-8FDC-42A3-9474-1A3956D46DE8}") = "special_features", "special_features", "{D5FD8A92-7B4F-4CF4-9043-7575EF851DBC}"
EndProject
Project("{FAE04EC0-301F-11D3-BF4B-00C04F79EFBC}") = "event_subscribe", "event_subscribe\event_subscribe.csproj", "{03E43B7C-1C24-48BA-8218-1217E24A3274}"
EndProject
Project("{FAE04EC0-301F-11D3-BF4B-00C04F79EFBC}") = "map_reduce_filter", "map_reduce_filter\map_reduce_filter.csproj", "{A73D3F42-C2D9-4BBF-B771-16046C3F057E}"
EndProject
Project("{2150E333-8FDC-42A3-9474-1A3956D46DE8}") = "Pallets", "Pallets", "{0CE464E8-01A1-4DAB-AD04-EB6A9BD0186C}"
EndProject
Project("{FAE04EC0-301F-11D3-BF4B-00C04F79EFBC}") = "function_delegate", "function_delegate\function_delegate.csproj", "{37C0A5F7-B851-466F-ABF7-002EDE99C4A5}"
EndProject
Global
	GlobalSection(SolutionConfigurationPlatforms) = preSolution
		Debug|Any CPU = Debug|Any CPU
		Release|Any CPU = Release|Any CPU
	EndGlobalSection
	GlobalSection(ProjectConfigurationPlatforms) = postSolution
		{03E43B7C-1C24-48BA-8218-1217E24A3274}.Debug|Any CPU.ActiveCfg = Debug|Any CPU
		{03E43B7C-1C24-48BA-8218-1217E24A3274}.Debug|Any CPU.Build.0 = Debug|Any CPU
		{03E43B7C-1C24-48BA-8218-1217E24A3274}.Release|Any CPU.ActiveCfg = Release|Any CPU
		{03E43B7C-1C24-48BA-8218-1217E24A3274}.Release|Any CPU.Build.0 = Release|Any CPU
		{A73D3F42-C2D9-4BBF-B771-16046C3F057E}.Debug|Any CPU.ActiveCfg = Debug|Any CPU
		{A73D3F42-C2D9-4BBF-B771-16046C3F057E}.Debug|Any CPU.Build.0 = Debug|Any CPU
		{A73D3F42-C2D9-4BBF-B771-16046C3F057E}.Release|Any CPU.ActiveCfg = Release|Any CPU
		{A73D3F42-C2D9-4BBF-B771-16046C3F057E}.Release|Any CPU.Build.0 = Release|Any CPU
		{37C0A5F7-B851-466F-ABF7-002EDE99C4A5}.Debug|Any CPU.ActiveCfg = Debug|Any CPU
		{37C0A5F7-B851-466F-ABF7-002EDE99C4A5}.Debug|Any CPU.Build.0 = Debug|Any CPU
		{37C0A5F7-B851-466F-ABF7-002EDE99C4A5}.Release|Any CPU.ActiveCfg = Release|Any CPU
		{37C0A5F7-B851-466F-ABF7-002EDE99C4A5}.Release|Any CPU.Build.0 = Release|Any CPU
	EndGlobalSection
	GlobalSection(NestedProjects) = preSolution
		{03E43B7C-1C24-48BA-8218-1217E24A3274} = {D5FD8A92-7B4F-4CF4-9043-7575EF851DBC}
		{A73D3F42-C2D9-4BBF-B771-16046C3F057E} = {0CE464E8-01A1-4DAB-AD04-EB6A9BD0186C}
		{37C0A5F7-B851-466F-ABF7-002EDE99C4A5} = {0CE464E8-01A1-4DAB-AD04-EB6A9BD0186C}
	EndGlobalSection
EndGlobal
